
Microsoft Visual Studio Solution File, Format Version 11.00
# Visual Studio 2010
Project("{FAE04EC0-301F-11D3-BF4B-00C04F79EFBC}") = "WebApplication133", "WebApplication133\WebApplication133.csproj", "{A08ED26E-B202-46DE-A0DA-38B4E4D26699}"
EndProject
Global
	GlobalSection(SolutionConfigurationPlatforms) = preSolution
		Debug|Any CPU = Debug|Any CPU
		Release|Any CPU = Release|Any CPU
	EndGlobalSection
	GlobalSection(ProjectConfigurationPlatforms) = postSolution
		{A08ED26E-B202-46DE-A0DA-38B4E4D26699}.Debug|Any CPU.ActiveCfg = Debug|Any CPU
		{A08ED26E-B202-46DE-A0DA-38B4E4D26699}.Debug|Any CPU.Build.0 = Debug|Any CPU
		{A08ED26E-B202-46DE-A0DA-38B4E4D26699}.Release|Any CPU.ActiveCfg = Release|Any CPU
		{A08ED26E-B202-46DE-A0DA-38B4E4D26699}.Release|Any CPU.Build.0 = Release|Any CPU
	EndGlobalSection
	GlobalSection(SolutionProperties) = preSolution
		HideSolutionNode = FALSE
	EndGlobalSection
EndGlobal
